
Microsoft Visual Studio Solution File, Format Version 12.00
# Visual Studio Version 17
VisualStudioVersion = 17.12.35527.113
MinimumVisualStudioVersion = 10.0.40219.1
Project("{8BC9CEB8-8B4A-11D0-8D11-00A0C91BC942}") = "variables_and_constants", "variables_and_constants\variables_and_constants.vcxproj", "{6C4FB4D0-8832-467C-B76A-68CC0D35261C}"
EndProject
Project("{8BC9CEB8-8B4A-11D0-8D11-00A0C91BC942}") = "if_else", "if_else\if_else.vcxproj", "{8A7D5D92-3CE2-4433-A2AA-69CEFC1AF803}"
EndProject
Project("{8BC9CEB8-8B4A-11D0-8D11-00A0C91BC942}") = "while", "while\while.vcxproj", "{2B3B28BE-1B86-485E-8965-F9D7FC5F54CB}"
EndProject
Project("{8BC9CEB8-8B4A-11D0-8D11-00A0C91BC942}") = "do_while", "do_while\do_while.vcxproj", "{12134F36-E9B9-4806-A6AB-8D0D32924833}"
EndProject
Project("{8BC9CEB8-8B4A-11D0-8D11-00A0C91BC942}") = "for", "for\for.vcxproj", "{F1EA77AD-3360-4745-9EA6-6081FFDDCC66}"
EndProject
Project("{8BC9CEB8-8B4A-11D0-8D11-00A0C91BC942}") = "switch", "switch\switch.vcxproj", "{55B1EC29-0211-4846-88FF-86C27B149A83}"
EndProject
Project("{8BC9CEB8-8B4A-11D0-8D11-00A0C91BC942}") = "arrays", "arrays\arrays.vcxproj", "{7AA6302B-F6AD-47B1-B30B-A5E8FFB1A2B4}"
EndProject
Project("{2150E333-8FDC-42A3-9474-1A3956D46DE8}") = "Solution Items", "Solution Items", "{529C62BF-ADDB-4CD0-80D4-0A61FD175FB9}"
	ProjectSection(SolutionItems) = preProject
		.gitignore = .gitignore
	EndProjectSection
EndProject
Project("{8BC9CEB8-8B4A-11D0-8D11-00A0C91BC942}") = "vector", "vector\vector.vcxproj", "{93F68D20-FC93-400D-B342-562148CB5C22}"
EndProject
Project("{8BC9CEB8-8B4A-11D0-8D11-00A0C91BC942}") = "list", "list\list.vcxproj", "{1A6F9504-5F88-4AE6-A518-DE28023C0432}"
EndProject
Project("{8BC9CEB8-8B4A-11D0-8D11-00A0C91BC942}") = "stack", "stack\stack.vcxproj", "{BD3CF082-06D8-447B-883B-DA9A9EA8FB2F}"
EndProject
Project("{8BC9CEB8-8B4A-11D0-8D11-00A0C91BC942}") = "queue", "queue\queue.vcxproj", "{EFD67B56-4D68-4BF9-810E-868484417838}"
EndProject
Global
	GlobalSection(SolutionConfigurationPlatforms) = preSolution
		Debug|x64 = Debug|x64
		Debug|x86 = Debug|x86
		Release|x64 = Release|x64
		Release|x86 = Release|x86
	EndGlobalSection
	GlobalSection(ProjectConfigurationPlatforms) = postSolution
		{6C4FB4D0-8832-467C-B76A-68CC0D35261C}.Debug|x64.ActiveCfg = Debug|x64
		{6C4FB4D0-8832-467C-B76A-68CC0D35261C}.Debug|x64.Build.0 = Debug|x64
		{6C4FB4D0-8832-467C-B76A-68CC0D35261C}.Debug|x86.ActiveCfg = Debug|Win32
		{6C4FB4D0-8832-467C-B76A-68CC0D35261C}.Debug|x86.Build.0 = Debug|Win32
		{6C4FB4D0-8832-467C-B76A-68CC0D35261C}.Release|x64.ActiveCfg = Release|x64
		{6C4FB4D0-8832-467C-B76A-68CC0D35261C}.Release|x64.Build.0 = Release|x64
		{6C4FB4D0-8832-467C-B76A-68CC0D35261C}.Release|x86.ActiveCfg = Release|Win32
		{6C4FB4D0-8832-467C-B76A-68CC0D35261C}.Release|x86.Build.0 = Release|Win32
		{8A7D5D92-3CE2-4433-A2AA-69CEFC1AF803}.Debug|x64.ActiveCfg = Debug|x64
		{8A7D5D92-3CE2-4433-A2AA-69CEFC1AF803}.Debug|x64.Build.0 = Debug|x64
		{8A7D5D92-3CE2-4433-A2AA-69CEFC1AF803}.Debug|x86.ActiveCfg = Debug|Win32
		{8A7D5D92-3CE2-4433-A2AA-69CEFC1AF803}.Debug|x86.Build.0 = Debug|Win32
		{8A7D5D92-3CE2-4433-A2AA-69CEFC1AF803}.Release|x64.ActiveCfg = Release|x64
		{8A7D5D92-3CE2-4433-A2AA-69CEFC1AF803}.Release|x64.Build.0 = Release|x64
		{8A7D5D92-3CE2-4433-A2AA-69CEFC1AF803}.Release|x86.ActiveCfg = Release|Win32
		{8A7D5D92-3CE2-4433-A2AA-69CEFC1AF803}.Release|x86.Build.0 = Release|Win32
		{2B3B28BE-1B86-485E-8965-F9D7FC5F54CB}.Debug|x64.ActiveCfg = Debug|x64
		{2B3B28BE-1B86-485E-8965-F9D7FC5F54CB}.Debug|x64.Build.0 = Debug|x64
		{2B3B28BE-1B86-485E-8965-F9D7FC5F54CB}.Debug|x86.ActiveCfg = Debug|Win32
		{2B3B28BE-1B86-485E-8965-F9D7FC5F54CB}.Debug|x86.Build.0 = Debug|Win32
		{2B3B28BE-1B86-485E-8965-F9D7FC5F54CB}.Release|x64.ActiveCfg = Release|x64
		{2B3B28BE-1B86-485E-8965-F9D7FC5F54CB}.Release|x64.Build.0 = Release|x64
		{2B3B28BE-1B86-485E-8965-F9D7FC5F54CB}.Release|x86.ActiveCfg = Release|Win32
		{2B3B28BE-1B86-485E-8965-F9D7FC5F54CB}.Release|x86.Build.0 = Release|Win32
		{12134F36-E9B9-4806-A6AB-8D0D32924833}.Debug|x64.ActiveCfg = Debug|x64
		{12134F36-E9B9-4806-A6AB-8D0D32924833}.Debug|x64.Build.0 = Debug|x64
		{12134F36-E9B9-4806-A6AB-8D0D32924833}.Debug|x86.ActiveCfg = Debug|Win32
		{12134F36-E9B9-4806-A6AB-8D0D32924833}.Debug|x86.Build.0 = Debug|Win32
		{12134F36-E9B9-4806-A6AB-8D0D32924833}.Release|x64.ActiveCfg = Release|x64
		{12134F36-E9B9-4806-A6AB-8D0D32924833}.Release|x64.Build.0 = Release|x64
		{12134F36-E9B9-4806-A6AB-8D0D32924833}.Release|x86.ActiveCfg = Release|Win32
		{12134F36-E9B9-4806-A6AB-8D0D32924833}.Release|x86.Build.0 = Release|Win32
		{F1EA77AD-3360-4745-9EA6-6081FFDDCC66}.Debug|x64.ActiveCfg = Debug|x64
		{F1EA77AD-3360-4745-9EA6-6081FFDDCC66}.Debug|x64.Build.0 = Debug|x64
		{F1EA77AD-3360-4745-9EA6-6081FFDDCC66}.Debug|x86.ActiveCfg = Debug|Win32
		{F1EA77AD-3360-4745-9EA6-6081FFDDCC66}.Debug|x86.Build.0 = Debug|Win32
		{F1EA77AD-3360-4745-9EA6-6081FFDDCC66}.Release|x64.ActiveCfg = Release|x64
		{F1EA77AD-3360-4745-9EA6-6081FFDDCC66}.Release|x64.Build.0 = Release|x64
		{F1EA77AD-3360-4745-9EA6-6081FFDDCC66}.Release|x86.ActiveCfg = Release|Win32
		{F1EA77AD-3360-4745-9EA6-6081FFDDCC66}.Release|x86.Build.0 = Release|Win32
		{55B1EC29-0211-4846-88FF-86C27B149A83}.Debug|x64.ActiveCfg = Debug|x64
		{55B1EC29-0211-4846-88FF-86C27B149A83}.Debug|x64.Build.0 = Debug|x64
		{55B1EC29-0211-4846-88FF-86C27B149A83}.Debug|x86.ActiveCfg = Debug|Win32
		{55B1EC29-0211-4846-88FF-86C27B149A83}.Debug|x86.Build.0 = Debug|Win32
		{55B1EC29-0211-4846-88FF-86C27B149A83}.Release|x64.ActiveCfg = Release|x64
		{55B1EC29-0211-4846-88FF-86C27B149A83}.Release|x64.Build.0 = Release|x64
		{55B1EC29-0211-4846-88FF-86C27B149A83}.Release|x86.ActiveCfg = Release|Win32
		{55B1EC29-0211-4846-88FF-86C27B149A83}.Release|x86.Build.0 = Release|Win32
		{7AA6302B-F6AD-47B1-B30B-A5E8FFB1A2B4}.Debug|x64.ActiveCfg = Debug|x64
		{7AA6302B-F6AD-47B1-B30B-A5E8FFB1A2B4}.Debug|x64.Build.0 = Debug|x64
		{7AA6302B-F6AD-47B1-B30B-A5E8FFB1A2B4}.Debug|x86.ActiveCfg = Debug|Win32
		{7AA6302B-F6AD-47B1-B30B-A5E8FFB1A2B4}.Debug|x86.Build.0 = Debug|Win32
		{7AA6302B-F6AD-47B1-B30B-A5E8FFB1A2B4}.Release|x64.ActiveCfg = Release|x64
		{7AA6302B-F6AD-47B1-B30B-A5E8FFB1A2B4}.Release|x64.Build.0 = Release|x64
		{7AA6302B-F6AD-47B1-B30B-A5E8FFB1A2B4}.Release|x86.ActiveCfg = Release|Win32
		{7AA6302B-F6AD-47B1-B30B-A5E8FFB1A2B4}.Release|x86.Build.0 = Release|Win32
		{93F68D20-FC93-400D-B342-562148CB5C22}.Debug|x64.ActiveCfg = Debug|x64
		{93F68D20-FC93-400D-B342-562148CB5C22}.Debug|x64.Build.0 = Debug|x64
		{93F68D20-FC93-400D-B342-562148CB5C22}.Debug|x86.ActiveCfg = Debug|Win32
		{93F68D20-FC93-400D-B342-562148CB5C22}.Debug|x86.Build.0 = Debug|Win32
		{93F68D20-FC93-400D-B342-562148CB5C22}.Release|x64.ActiveCfg = Release|x64
		{93F68D20-FC93-400D-B342-562148CB5C22}.Release|x64.Build.0 = Release|x64
		{93F68D20-FC93-400D-B342-562148CB5C22}.Release|x86.ActiveCfg = Release|Win32
		{93F68D20-FC93-400D-B342-562148CB5C22}.Release|x86.Build.0 = Release|Win32
		{1A6F9504-5F88-4AE6-A518-DE28023C0432}.Debug|x64.ActiveCfg = Debug|x64
		{1A6F9504-5F88-4AE6-A518-DE28023C0432}.Debug|x64.Build.0 = Debug|x64
		{1A6F9504-5F88-4AE6-A518-DE28023C0432}.Debug|x86.ActiveCfg = Debug|Win32
		{1A6F9504-5F88-4AE6-A518-DE28023C0432}.Debug|x86.Build.0 = Debug|Win32
		{1A6F9504-5F88-4AE6-A518-DE28023C0432}.Release|x64.ActiveCfg = Release|x64
		{1A6F9504-5F88-4AE6-A518-DE28023C0432}.Release|x64.Build.0 = Release|x64
		{1A6F9504-5F88-4AE6-A518-DE28023C0432}.Release|x86.ActiveCfg = Release|Win32
		{1A6F9504-5F88-4AE6-A518-DE28023C0432}.Release|x86.Build.0 = Release|Win32
		{BD3CF082-06D8-447B-883B-DA9A9EA8FB2F}.Debug|x64.ActiveCfg = Debug|x64
		{BD3CF082-06D8-447B-883B-DA9A9EA8FB2F}.Debug|x64.Build.0 = Debug|x64
		{BD3CF082-06D8-447B-883B-DA9A9EA8FB2F}.Debug|x86.ActiveCfg = Debug|Win32
		{BD3CF082-06D8-447B-883B-DA9A9EA8FB2F}.Debug|x86.Build.0 = Debug|Win32
		{BD3CF082-06D8-447B-883B-DA9A9EA8FB2F}.Release|x64.ActiveCfg = Release|x64
		{BD3CF082-06D8-447B-883B-DA9A9EA8FB2F}.Release|x64.Build.0 = Release|x64
		{BD3CF082-06D8-447B-883B-DA9A9EA8FB2F}.Release|x86.ActiveCfg = Release|Win32
		{BD3CF082-06D8-447B-883B-DA9A9EA8FB2F}.Release|x86.Build.0 = Release|Win32
		{EFD67B56-4D68-4BF9-810E-868484417838}.Debug|x64.ActiveCfg = Debug|x64
		{EFD67B56-4D68-4BF9-810E-868484417838}.Debug|x64.Build.0 = Debug|x64
		{EFD67B56-4D68-4BF9-810E-868484417838}.Debug|x86.ActiveCfg = Debug|Win32
		{EFD67B56-4D68-4BF9-810E-868484417838}.Debug|x86.Build.0 = Debug|Win32
		{EFD67B56-4D68-4BF9-810E-868484417838}.Release|x64.ActiveCfg = Release|x64
		{EFD67B56-4D68-4BF9-810E-868484417838}.Release|x64.Build.0 = Release|x64
		{EFD67B56-4D68-4BF9-810E-868484417838}.Release|x86.ActiveCfg = Release|Win32
		{EFD67B56-4D68-4BF9-810E-868484417838}.Release|x86.Build.0 = Release|Win32
	EndGlobalSection
	GlobalSection(SolutionProperties) = preSolution
		HideSolutionNode = FALSE
	EndGlobalSection
EndGlobal
